// !$*UTF8*$!
{
	archiveVersion = 1;
	classes = {
	};
	objectVersion = 51;
	objects = {

/* Begin PBXBuildFile section */
		5A569EC824C43D3900586083 /* Pods_OriginalTodoApp.framework in Frameworks */ = {isa = PBXBuildFile; fileRef = E67F2ECC9DB0359A705CC3BA /* Pods_OriginalTodoApp.framework */; };
		5A577B2E24C45C3F000169F1 /* BaseViewController.swift in Sources */ = {isa = PBXBuildFile; fileRef = 5A577B2D24C45C3F000169F1 /* BaseViewController.swift */; };
		5A577B3024C45CA9000169F1 /* WeatherViewController.swift in Sources */ = {isa = PBXBuildFile; fileRef = 5A577B2F24C45CA9000169F1 /* WeatherViewController.swift */; };
		5A577B3224C45CC3000169F1 /* NewsViewController.swift in Sources */ = {isa = PBXBuildFile; fileRef = 5A577B3124C45CC3000169F1 /* NewsViewController.swift */; };
		5A577B3424C45DC5000169F1 /* WebViewController.swift in Sources */ = {isa = PBXBuildFile; fileRef = 5A577B3324C45DC5000169F1 /* WebViewController.swift */; };
		5A577B3724C45E4B000169F1 /* NewsCell.swift in Sources */ = {isa = PBXBuildFile; fileRef = 5A577B3524C45E4B000169F1 /* NewsCell.swift */; };
		5A577B3824C45E4B000169F1 /* NewsCell.xib in Resources */ = {isa = PBXBuildFile; fileRef = 5A577B3624C45E4B000169F1 /* NewsCell.xib */; };
		5A577B3B24C45E5E000169F1 /* WeatherCell.swift in Sources */ = {isa = PBXBuildFile; fileRef = 5A577B3924C45E5E000169F1 /* WeatherCell.swift */; };
		5A577B3C24C45E5E000169F1 /* WeatherCell.xib in Resources */ = {isa = PBXBuildFile; fileRef = 5A577B3A24C45E5E000169F1 /* WeatherCell.xib */; };
		5A577B3E24C45F28000169F1 /* NewsData.swift in Sources */ = {isa = PBXBuildFile; fileRef = 5A577B3D24C45F28000169F1 /* NewsData.swift */; };
		5A577B4024C465A9000169F1 /* Base2ViewController.swift in Sources */ = {isa = PBXBuildFile; fileRef = 5A577B3F24C465A9000169F1 /* Base2ViewController.swift */; };
		5A577B4224C5D30D000169F1 /* News2ViewController.swift in Sources */ = {isa = PBXBuildFile; fileRef = 5A577B4124C5D30D000169F1 /* News2ViewController.swift */; };
		5A577B4424C5D324000169F1 /* News3ViewController.swift in Sources */ = {isa = PBXBuildFile; fileRef = 5A577B4324C5D324000169F1 /* News3ViewController.swift */; };
		5A577B4624C5D336000169F1 /* News4ViewController.swift in Sources */ = {isa = PBXBuildFile; fileRef = 5A577B4524C5D336000169F1 /* News4ViewController.swift */; };
		5A577B4824C6604B000169F1 /* rainAnimation.json in Resources */ = {isa = PBXBuildFile; fileRef = 5A577B4724C6604A000169F1 /* rainAnimation.json */; };
		5A577B4E24C7B259000169F1 /* News5ViewController.swift in Sources */ = {isa = PBXBuildFile; fileRef = 5A577B4D24C7B259000169F1 /* News5ViewController.swift */; };
		5A7FEF7524C3CA190056F49F /* AppDelegate.swift in Sources */ = {isa = PBXBuildFile; fileRef = 5A7FEF7424C3CA190056F49F /* AppDelegate.swift */; };
		5A7FEF7724C3CA190056F49F /* SceneDelegate.swift in Sources */ = {isa = PBXBuildFile; fileRef = 5A7FEF7624C3CA190056F49F /* SceneDelegate.swift */; };
		5A7FEF7C24C3CA190056F49F /* Main.storyboard in Resources */ = {isa = PBXBuildFile; fileRef = 5A7FEF7A24C3CA190056F49F /* Main.storyboard */; };
		5A7FEF7E24C3CA1D0056F49F /* Assets.xcassets in Resources */ = {isa = PBXBuildFile; fileRef = 5A7FEF7D24C3CA1D0056F49F /* Assets.xcassets */; };
		5A7FEF8124C3CA1D0056F49F /* LaunchScreen.storyboard in Resources */ = {isa = PBXBuildFile; fileRef = 5A7FEF7F24C3CA1D0056F49F /* LaunchScreen.storyboard */; };
		5A7FEF9024C3CBF80056F49F /* TodoViewController.swift in Sources */ = {isa = PBXBuildFile; fileRef = 5A7FEF8F24C3CBF80056F49F /* TodoViewController.swift */; };
		5A7FEF9F24C40B480056F49F /* ToDoCell.swift in Sources */ = {isa = PBXBuildFile; fileRef = 5A7FEF9D24C40B480056F49F /* ToDoCell.swift */; };
		5A7FEFA024C40B480056F49F /* ToDoCell.xib in Resources */ = {isa = PBXBuildFile; fileRef = 5A7FEF9E24C40B480056F49F /* ToDoCell.xib */; };
		5A7FEFA224C4297E0056F49F /* checkAnimation.json in Resources */ = {isa = PBXBuildFile; fileRef = 5A7FEFA124C4297E0056F49F /* checkAnimation.json */; };
		5A7FEFA424C42C980056F49F /* TimePicker.swift in Sources */ = {isa = PBXBuildFile; fileRef = 5A7FEFA324C42C980056F49F /* TimePicker.swift */; };
/* End PBXBuildFile section */

/* Begin PBXFileReference section */
		574000D5C9E37D1824B9F899 /* Pods-OriginalTodoApp.debug.xcconfig */ = {isa = PBXFileReference; includeInIndex = 1; lastKnownFileType = text.xcconfig; name = "Pods-OriginalTodoApp.debug.xcconfig"; path = "Target Support Files/Pods-OriginalTodoApp/Pods-OriginalTodoApp.debug.xcconfig"; sourceTree = "<group>"; };
		5A577B2D24C45C3F000169F1 /* BaseViewController.swift */ = {isa = PBXFileReference; lastKnownFileType = sourcecode.swift; path = BaseViewController.swift; sourceTree = "<group>"; };
		5A577B2F24C45CA9000169F1 /* WeatherViewController.swift */ = {isa = PBXFileReference; lastKnownFileType = sourcecode.swift; path = WeatherViewController.swift; sourceTree = "<group>"; };
		5A577B3124C45CC3000169F1 /* NewsViewController.swift */ = {isa = PBXFileReference; lastKnownFileType = sourcecode.swift; path = NewsViewController.swift; sourceTree = "<group>"; };
		5A577B3324C45DC5000169F1 /* WebViewController.swift */ = {isa = PBXFileReference; lastKnownFileType = sourcecode.swift; path = WebViewController.swift; sourceTree = "<group>"; };
		5A577B3524C45E4B000169F1 /* NewsCell.swift */ = {isa = PBXFileReference; lastKnownFileType = sourcecode.swift; path = NewsCell.swift; sourceTree = "<group>"; };
		5A577B3624C45E4B000169F1 /* NewsCell.xib */ = {isa = PBXFileReference; lastKnownFileType = file.xib; path = NewsCell.xib; sourceTree = "<group>"; };
		5A577B3924C45E5E000169F1 /* WeatherCell.swift */ = {isa = PBXFileReference; lastKnownFileType = sourcecode.swift; path = WeatherCell.swift; sourceTree = "<group>"; };
		5A577B3A24C45E5E000169F1 /* WeatherCell.xib */ = {isa = PBXFileReference; lastKnownFileType = file.xib; path = WeatherCell.xib; sourceTree = "<group>"; };
		5A577B3D24C45F28000169F1 /* NewsData.swift */ = {isa = PBXFileReference; lastKnownFileType = sourcecode.swift; path = NewsData.swift; sourceTree = "<group>"; };
		5A577B3F24C465A9000169F1 /* Base2ViewController.swift */ = {isa = PBXFileReference; lastKnownFileType = sourcecode.swift; path = Base2ViewController.swift; sourceTree = "<group>"; };
		5A577B4124C5D30D000169F1 /* News2ViewController.swift */ = {isa = PBXFileReference; lastKnownFileType = sourcecode.swift; path = News2ViewController.swift; sourceTree = "<group>"; };
		5A577B4324C5D324000169F1 /* News3ViewController.swift */ = {isa = PBXFileReference; lastKnownFileType = sourcecode.swift; path = News3ViewController.swift; sourceTree = "<group>"; };
		5A577B4524C5D336000169F1 /* News4ViewController.swift */ = {isa = PBXFileReference; lastKnownFileType = sourcecode.swift; path = News4ViewController.swift; sourceTree = "<group>"; };
		5A577B4724C6604A000169F1 /* rainAnimation.json */ = {isa = PBXFileReference; fileEncoding = 4; lastKnownFileType = text.json; path = rainAnimation.json; sourceTree = "<group>"; };
		5A577B4D24C7B259000169F1 /* News5ViewController.swift */ = {isa = PBXFileReference; lastKnownFileType = sourcecode.swift; path = News5ViewController.swift; sourceTree = "<group>"; };
		5A7FEF7124C3CA190056F49F /* OriginalTodoApp.app */ = {isa = PBXFileReference; explicitFileType = wrapper.application; includeInIndex = 0; path = OriginalTodoApp.app; sourceTree = BUILT_PRODUCTS_DIR; };
		5A7FEF7424C3CA190056F49F /* AppDelegate.swift */ = {isa = PBXFileReference; lastKnownFileType = sourcecode.swift; path = AppDelegate.swift; sourceTree = "<group>"; };
		5A7FEF7624C3CA190056F49F /* SceneDelegate.swift */ = {isa = PBXFileReference; lastKnownFileType = sourcecode.swift; path = SceneDelegate.swift; sourceTree = "<group>"; };
		5A7FEF7B24C3CA190056F49F /* Base */ = {isa = PBXFileReference; lastKnownFileType = file.storyboard; name = Base; path = Base.lproj/Main.storyboard; sourceTree = "<group>"; };
		5A7FEF7D24C3CA1D0056F49F /* Assets.xcassets */ = {isa = PBXFileReference; lastKnownFileType = folder.assetcatalog; path = Assets.xcassets; sourceTree = "<group>"; };
		5A7FEF8024C3CA1D0056F49F /* Base */ = {isa = PBXFileReference; lastKnownFileType = file.storyboard; name = Base; path = Base.lproj/LaunchScreen.storyboard; sourceTree = "<group>"; };
		5A7FEF8224C3CA1D0056F49F /* Info.plist */ = {isa = PBXFileReference; lastKnownFileType = text.plist.xml; path = Info.plist; sourceTree = "<group>"; };
		5A7FEF8F24C3CBF80056F49F /* TodoViewController.swift */ = {isa = PBXFileReference; indentWidth = 4; lastKnownFileType = sourcecode.swift; path = TodoViewController.swift; sourceTree = "<group>"; };
		5A7FEF9D24C40B480056F49F /* ToDoCell.swift */ = {isa = PBXFileReference; lastKnownFileType = sourcecode.swift; path = ToDoCell.swift; sourceTree = "<group>"; };
		5A7FEF9E24C40B480056F49F /* ToDoCell.xib */ = {isa = PBXFileReference; lastKnownFileType = file.xib; path = ToDoCell.xib; sourceTree = "<group>"; };
		5A7FEFA124C4297E0056F49F /* checkAnimation.json */ = {isa = PBXFileReference; fileEncoding = 4; lastKnownFileType = text.json; path = checkAnimation.json; sourceTree = "<group>"; };
		5A7FEFA324C42C980056F49F /* TimePicker.swift */ = {isa = PBXFileReference; lastKnownFileType = sourcecode.swift; path = TimePicker.swift; sourceTree = "<group>"; };
		D31DD2906DEF17F1926C12B1 /* Pods-OriginalTodoApp.release.xcconfig */ = {isa = PBXFileReference; includeInIndex = 1; lastKnownFileType = text.xcconfig; name = "Pods-OriginalTodoApp.release.xcconfig"; path = "Target Support Files/Pods-OriginalTodoApp/Pods-OriginalTodoApp.release.xcconfig"; sourceTree = "<group>"; };
		E67F2ECC9DB0359A705CC3BA /* Pods_OriginalTodoApp.framework */ = {isa = PBXFileReference; explicitFileType = wrapper.framework; includeInIndex = 0; path = Pods_OriginalTodoApp.framework; sourceTree = BUILT_PRODUCTS_DIR; };
/* End PBXFileReference section */

/* Begin PBXFrameworksBuildPhase section */
		5A7FEF6E24C3CA190056F49F /* Frameworks */ = {
			isa = PBXFrameworksBuildPhase;
			buildActionMask = 2147483647;
			files = (
				5A569EC824C43D3900586083 /* Pods_OriginalTodoApp.framework in Frameworks */,
			);
			runOnlyForDeploymentPostprocessing = 0;
		};
/* End PBXFrameworksBuildPhase section */

/* Begin PBXGroup section */
		5A7FEF6824C3CA190056F49F = {
			isa = PBXGroup;
			children = (
				5A7FEF7324C3CA190056F49F /* OriginalTodoApp */,
				5A7FEF7224C3CA190056F49F /* Products */,
				AA5E94B6F85F9DC528454150 /* Pods */,
				CB7F14C0FB67E05325EC307C /* Frameworks */,
			);
			sourceTree = "<group>";
		};
		5A7FEF7224C3CA190056F49F /* Products */ = {
			isa = PBXGroup;
			children = (
				5A7FEF7124C3CA190056F49F /* OriginalTodoApp.app */,
			);
			name = Products;
			sourceTree = "<group>";
		};
		5A7FEF7324C3CA190056F49F /* OriginalTodoApp */ = {
			isa = PBXGroup;
			children = (
				5A7FEF8B24C3CB470056F49F /* Model */,
				5A7FEF8C24C3CB4E0056F49F /* View */,
				5A7FEF8E24C3CB610056F49F /* Contoroller */,
				5A7FEF7F24C3CA1D0056F49F /* LaunchScreen.storyboard */,
				5A7FEF8224C3CA1D0056F49F /* Info.plist */,
				5A7FEFA124C4297E0056F49F /* checkAnimation.json */,
				5A577B4724C6604A000169F1 /* rainAnimation.json */,
			);
			path = OriginalTodoApp;
			sourceTree = "<group>";
		};
		5A7FEF8B24C3CB470056F49F /* Model */ = {
			isa = PBXGroup;
			children = (
				5A7FEF9D24C40B480056F49F /* ToDoCell.swift */,
				5A7FEF9E24C40B480056F49F /* ToDoCell.xib */,
				5A7FEFA324C42C980056F49F /* TimePicker.swift */,
				5A577B3524C45E4B000169F1 /* NewsCell.swift */,
				5A577B3624C45E4B000169F1 /* NewsCell.xib */,
				5A577B3924C45E5E000169F1 /* WeatherCell.swift */,
				5A577B3A24C45E5E000169F1 /* WeatherCell.xib */,
				5A577B3D24C45F28000169F1 /* NewsData.swift */,
			);
			path = Model;
			sourceTree = "<group>";
		};
		5A7FEF8C24C3CB4E0056F49F /* View */ = {
			isa = PBXGroup;
			children = (
				5A7FEF7A24C3CA190056F49F /* Main.storyboard */,
				5A7FEF7D24C3CA1D0056F49F /* Assets.xcassets */,
			);
			path = View;
			sourceTree = "<group>";
		};
		5A7FEF8E24C3CB610056F49F /* Contoroller */ = {
			isa = PBXGroup;
			children = (
				5A7FEF7424C3CA190056F49F /* AppDelegate.swift */,
				5A7FEF7624C3CA190056F49F /* SceneDelegate.swift */,
				5A7FEF8F24C3CBF80056F49F /* TodoViewController.swift */,
				5A577B2D24C45C3F000169F1 /* BaseViewController.swift */,
				5A577B2F24C45CA9000169F1 /* WeatherViewController.swift */,
				5A577B3124C45CC3000169F1 /* NewsViewController.swift */,
				5A577B3324C45DC5000169F1 /* WebViewController.swift */,
				5A577B3F24C465A9000169F1 /* Base2ViewController.swift */,
				5A577B4124C5D30D000169F1 /* News2ViewController.swift */,
				5A577B4324C5D324000169F1 /* News3ViewController.swift */,
				5A577B4524C5D336000169F1 /* News4ViewController.swift */,
				5A577B4D24C7B259000169F1 /* News5ViewController.swift */,
			);
			path = Contoroller;
			sourceTree = "<group>";
		};
		AA5E94B6F85F9DC528454150 /* Pods */ = {
			isa = PBXGroup;
			children = (
				574000D5C9E37D1824B9F899 /* Pods-OriginalTodoApp.debug.xcconfig */,
				D31DD2906DEF17F1926C12B1 /* Pods-OriginalTodoApp.release.xcconfig */,
			);
			path = Pods;
			sourceTree = "<group>";
		};
		CB7F14C0FB67E05325EC307C /* Frameworks */ = {
			isa = PBXGroup;
			children = (
				E67F2ECC9DB0359A705CC3BA /* Pods_OriginalTodoApp.framework */,
			);
			name = Frameworks;
			sourceTree = "<group>";
		};
/* End PBXGroup section */

/* Begin PBXNativeTarget section */
		5A7FEF7024C3CA190056F49F /* OriginalTodoApp */ = {
			isa = PBXNativeTarget;
			buildConfigurationList = 5A7FEF8524C3CA1D0056F49F /* Build configuration list for PBXNativeTarget "OriginalTodoApp" */;
			buildPhases = (
				D0E3FA817E19102FF6E59178 /* [CP] Check Pods Manifest.lock */,
				5A7FEF6D24C3CA190056F49F /* Sources */,
				5A7FEF6E24C3CA190056F49F /* Frameworks */,
				5A7FEF6F24C3CA190056F49F /* Resources */,
				D3C2711943CC4218A7BED80B /* [CP] Embed Pods Frameworks */,
			);
			buildRules = (
			);
			dependencies = (
			);
			name = OriginalTodoApp;
			productName = OriginalTodoApp;
			productReference = 5A7FEF7124C3CA190056F49F /* OriginalTodoApp.app */;
			productType = "com.apple.product-type.application";
		};
/* End PBXNativeTarget section */

/* Begin PBXProject section */
		5A7FEF6924C3CA190056F49F /* Project object */ = {
			isa = PBXProject;
			attributes = {
				LastSwiftUpdateCheck = 1150;
				LastUpgradeCheck = 1150;
				ORGANIZATIONNAME = "yuto fukaya";
				TargetAttributes = {
					5A7FEF7024C3CA190056F49F = {
						CreatedOnToolsVersion = 11.5;
					};
				};
			};
			buildConfigurationList = 5A7FEF6C24C3CA190056F49F /* Build configuration list for PBXProject "OriginalTodoApp" */;
			compatibilityVersion = "Xcode 9.3";
			developmentRegion = en;
			hasScannedForEncodings = 0;
			knownRegions = (
				en,
				Base,
			);
			mainGroup = 5A7FEF6824C3CA190056F49F;
			productRefGroup = 5A7FEF7224C3CA190056F49F /* Products */;
			projectDirPath = "";
			projectRoot = "";
			targets = (
				5A7FEF7024C3CA190056F49F /* OriginalTodoApp */,
			);
		};
/* End PBXProject section */

/* Begin PBXResourcesBuildPhase section */
		5A7FEF6F24C3CA190056F49F /* Resources */ = {
			isa = PBXResourcesBuildPhase;
			buildActionMask = 2147483647;
			files = (
				5A577B3824C45E4B000169F1 /* NewsCell.xib in Resources */,
				5A7FEF8124C3CA1D0056F49F /* LaunchScreen.storyboard in Resources */,
				5A7FEF7E24C3CA1D0056F49F /* Assets.xcassets in Resources */,
				5A7FEF7C24C3CA190056F49F /* Main.storyboard in Resources */,
				5A577B3C24C45E5E000169F1 /* WeatherCell.xib in Resources */,
				5A7FEFA024C40B480056F49F /* ToDoCell.xib in Resources */,
				5A577B4824C6604B000169F1 /* rainAnimation.json in Resources */,
				5A7FEFA224C4297E0056F49F /* checkAnimation.json in Resources */,
			);
			runOnlyForDeploymentPostprocessing = 0;
		};
/* End PBXResourcesBuildPhase section */

/* Begin PBXShellScriptBuildPhase section */
		D0E3FA817E19102FF6E59178 /* [CP] Check Pods Manifest.lock */ = {
			isa = PBXShellScriptBuildPhase;
			buildActionMask = 2147483647;
			files = (
			);
			inputFileListPaths = (
			);
			inputPaths = (
				"${PODS_PODFILE_DIR_PATH}/Podfile.lock",
				"${PODS_ROOT}/Manifest.lock",
			);
			name = "[CP] Check Pods Manifest.lock";
			outputFileListPaths = (
			);
			outputPaths = (
				"$(DERIVED_FILE_DIR)/Pods-OriginalTodoApp-checkManifestLockResult.txt",
			);
			runOnlyForDeploymentPostprocessing = 0;
			shellPath = /bin/sh;
			shellScript = "diff \"${PODS_PODFILE_DIR_PATH}/Podfile.lock\" \"${PODS_ROOT}/Manifest.lock\" > /dev/null\nif [ $? != 0 ] ; then\n    # print error to STDERR\n    echo \"error: The sandbox is not in sync with the Podfile.lock. Run 'pod install' or update your CocoaPods installation.\" >&2\n    exit 1\nfi\n# This output is used by Xcode 'outputs' to avoid re-running this script phase.\necho \"SUCCESS\" > \"${SCRIPT_OUTPUT_FILE_0}\"\n";
			showEnvVarsInLog = 0;
		};
		D3C2711943CC4218A7BED80B /* [CP] Embed Pods Frameworks */ = {
			isa = PBXShellScriptBuildPhase;
			buildActionMask = 2147483647;
			files = (
			);
			inputFileListPaths = (
				"${PODS_ROOT}/Target Support Files/Pods-OriginalTodoApp/Pods-OriginalTodoApp-frameworks-${CONFIGURATION}-input-files.xcfilelist",
			);
			name = "[CP] Embed Pods Frameworks";
			outputFileListPaths = (
				"${PODS_ROOT}/Target Support Files/Pods-OriginalTodoApp/Pods-OriginalTodoApp-frameworks-${CONFIGURATION}-output-files.xcfilelist",
			);
			runOnlyForDeploymentPostprocessing = 0;
			shellPath = /bin/sh;
			shellScript = "\"${PODS_ROOT}/Target Support Files/Pods-OriginalTodoApp/Pods-OriginalTodoApp-frameworks.sh\"\n";
			showEnvVarsInLog = 0;
		};
/* End PBXShellScriptBuildPhase section */

/* Begin PBXSourcesBuildPhase section */
		5A7FEF6D24C3CA190056F49F /* Sources */ = {
			isa = PBXSourcesBuildPhase;
			buildActionMask = 2147483647;
			files = (
				5A7FEF7524C3CA190056F49F /* AppDelegate.swift in Sources */,
				5A7FEF9024C3CBF80056F49F /* TodoViewController.swift in Sources */,
				5A7FEF7724C3CA190056F49F /* SceneDelegate.swift in Sources */,
				5A577B4424C5D324000169F1 /* News3ViewController.swift in Sources */,
				5A577B4624C5D336000169F1 /* News4ViewController.swift in Sources */,
				5A577B3424C45DC5000169F1 /* WebViewController.swift in Sources */,
				5A577B4224C5D30D000169F1 /* News2ViewController.swift in Sources */,
				5A7FEF9F24C40B480056F49F /* ToDoCell.swift in Sources */,
				5A577B4024C465A9000169F1 /* Base2ViewController.swift in Sources */,
				5A577B3024C45CA9000169F1 /* WeatherViewController.swift in Sources */,
				5A577B4E24C7B259000169F1 /* News5ViewController.swift in Sources */,
				5A577B3224C45CC3000169F1 /* NewsViewController.swift in Sources */,
				5A577B3B24C45E5E000169F1 /* WeatherCell.swift in Sources */,
				5A577B2E24C45C3F000169F1 /* BaseViewController.swift in Sources */,
				5A577B3E24C45F28000169F1 /* NewsData.swift in Sources */,
				5A7FEFA424C42C980056F49F /* TimePicker.swift in Sources */,
				5A577B3724C45E4B000169F1 /* NewsCell.swift in Sources */,
			);
			runOnlyForDeploymentPostprocessing = 0;
		};
/* End PBXSourcesBuildPhase section */

/* Begin PBXVariantGroup section */
		5A7FEF7A24C3CA190056F49F /* Main.storyboard */ = {
			isa = PBXVariantGroup;
			children = (
				5A7FEF7B24C3CA190056F49F /* Base */,
			);
			name = Main.storyboard;
			sourceTree = "<group>";
		};
		5A7FEF7F24C3CA1D0056F49F /* LaunchScreen.storyboard */ = {
			isa = PBXVariantGroup;
			children = (
				5A7FEF8024C3CA1D0056F49F /* Base */,
			);
			name = LaunchScreen.storyboard;
			sourceTree = "<group>";
		};
/* End PBXVariantGroup section */

/* Begin XCBuildConfiguration section */
		5A7FEF8324C3CA1D0056F49F /* Debug */ = {
			isa = XCBuildConfiguration;
			buildSettings = {
				ALWAYS_SEARCH_USER_PATHS = NO;
				CLANG_ANALYZER_NONNULL = YES;
				CLANG_ANALYZER_NUMBER_OBJECT_CONVERSION = YES_AGGRESSIVE;
				CLANG_CXX_LANGUAGE_STANDARD = "gnu++14";
				CLANG_CXX_LIBRARY = "libc++";
				CLANG_ENABLE_MODULES = YES;
				CLANG_ENABLE_OBJC_ARC = YES;
				CLANG_ENABLE_OBJC_WEAK = YES;
				CLANG_WARN_BLOCK_CAPTURE_AUTORELEASING = YES;
				CLANG_WARN_BOOL_CONVERSION = YES;
				CLANG_WARN_COMMA = YES;
				CLANG_WARN_CONSTANT_CONVERSION = YES;
				CLANG_WARN_DEPRECATED_OBJC_IMPLEMENTATIONS = YES;
				CLANG_WARN_DIRECT_OBJC_ISA_USAGE = YES_ERROR;
				CLANG_WARN_DOCUMENTATION_COMMENTS = YES;
				CLANG_WARN_EMPTY_BODY = YES;
				CLANG_WARN_ENUM_CONVERSION = YES;
				CLANG_WARN_INFINITE_RECURSION = YES;
				CLANG_WARN_INT_CONVERSION = YES;
				CLANG_WARN_NON_LITERAL_NULL_CONVERSION = YES;
				CLANG_WARN_OBJC_IMPLICIT_RETAIN_SELF = YES;
				CLANG_WARN_OBJC_LITERAL_CONVERSION = YES;
				CLANG_WARN_OBJC_ROOT_CLASS = YES_ERROR;
				CLANG_WARN_RANGE_LOOP_ANALYSIS = YES;
				CLANG_WARN_STRICT_PROTOTYPES = YES;
				CLANG_WARN_SUSPICIOUS_MOVE = YES;
				CLANG_WARN_UNGUARDED_AVAILABILITY = YES_AGGRESSIVE;
				CLANG_WARN_UNREACHABLE_CODE = YES;
				CLANG_WARN__DUPLICATE_METHOD_MATCH = YES;
				COPY_PHASE_STRIP = NO;
				DEBUG_INFORMATION_FORMAT = dwarf;
				ENABLE_STRICT_OBJC_MSGSEND = YES;
				ENABLE_TESTABILITY = YES;
				GCC_C_LANGUAGE_STANDARD = gnu11;
				GCC_DYNAMIC_NO_PIC = NO;
				GCC_NO_COMMON_BLOCKS = YES;
				GCC_OPTIMIZATION_LEVEL = 0;
				GCC_PREPROCESSOR_DEFINITIONS = (
					"DEBUG=1",
					"$(inherited)",
				);
				GCC_WARN_64_TO_32_BIT_CONVERSION = YES;
				GCC_WARN_ABOUT_RETURN_TYPE = YES_ERROR;
				GCC_WARN_UNDECLARED_SELECTOR = YES;
				GCC_WARN_UNINITIALIZED_AUTOS = YES_AGGRESSIVE;
				GCC_WARN_UNUSED_FUNCTION = YES;
				GCC_WARN_UNUSED_VARIABLE = YES;
				IPHONEOS_DEPLOYMENT_TARGET = 13.5;
				MTL_ENABLE_DEBUG_INFO = INCLUDE_SOURCE;
				MTL_FAST_MATH = YES;
				ONLY_ACTIVE_ARCH = YES;
				SDKROOT = iphoneos;
				SWIFT_ACTIVE_COMPILATION_CONDITIONS = DEBUG;
				SWIFT_OPTIMIZATION_LEVEL = "-Onone";
			};
			name = Debug;
		};
		5A7FEF8424C3CA1D0056F49F /* Release */ = {
			isa = XCBuildConfiguration;
			buildSettings = {
				ALWAYS_SEARCH_USER_PATHS = NO;
				CLANG_ANALYZER_NONNULL = YES;
				CLANG_ANALYZER_NUMBER_OBJECT_CONVERSION = YES_AGGRESSIVE;
				CLANG_CXX_LANGUAGE_STANDARD = "gnu++14";
				CLANG_CXX_LIBRARY = "libc++";
				CLANG_ENABLE_MODULES = YES;
				CLANG_ENABLE_OBJC_ARC = YES;
				CLANG_ENABLE_OBJC_WEAK = YES;
				CLANG_WARN_BLOCK_CAPTURE_AUTORELEASING = YES;
				CLANG_WARN_BOOL_CONVERSION = YES;
				CLANG_WARN_COMMA = YES;
				CLANG_WARN_CONSTANT_CONVERSION = YES;
				CLANG_WARN_DEPRECATED_OBJC_IMPLEMENTATIONS = YES;
				CLANG_WARN_DIRECT_OBJC_ISA_USAGE = YES_ERROR;
				CLANG_WARN_DOCUMENTATION_COMMENTS = YES;
				CLANG_WARN_EMPTY_BODY = YES;
				CLANG_WARN_ENUM_CONVERSION = YES;
				CLANG_WARN_INFINITE_RECURSION = YES;
				CLANG_WARN_INT_CONVERSION = YES;
				CLANG_WARN_NON_LITERAL_NULL_CONVERSION = YES;
				CLANG_WARN_OBJC_IMPLICIT_RETAIN_SELF = YES;
				CLANG_WARN_OBJC_LITERAL_CONVERSION = YES;
				CLANG_WARN_OBJC_ROOT_CLASS = YES_ERROR;
				CLANG_WARN_RANGE_LOOP_ANALYSIS = YES;
				CLANG_WARN_STRICT_PROTOTYPES = YES;
				CLANG_WARN_SUSPICIOUS_MOVE = YES;
				CLANG_WARN_UNGUARDED_AVAILABILITY = YES_AGGRESSIVE;
				CLANG_WARN_UNREACHABLE_CODE = YES;
				CLANG_WARN__DUPLICATE_METHOD_MATCH = YES;
				COPY_PHASE_STRIP = NO;
				DEBUG_INFORMATION_FORMAT = "dwarf-with-dsym";
				ENABLE_NS_ASSERTIONS = NO;
				ENABLE_STRICT_OBJC_MSGSEND = YES;
				GCC_C_LANGUAGE_STANDARD = gnu11;
				GCC_NO_COMMON_BLOCKS = YES;
				GCC_WARN_64_TO_32_BIT_CONVERSION = YES;
				GCC_WARN_ABOUT_RETURN_TYPE = YES_ERROR;
				GCC_WARN_UNDECLARED_SELECTOR = YES;
				GCC_WARN_UNINITIALIZED_AUTOS = YES_AGGRESSIVE;
				GCC_WARN_UNUSED_FUNCTION = YES;
				GCC_WARN_UNUSED_VARIABLE = YES;
				IPHONEOS_DEPLOYMENT_TARGET = 13.5;
				MTL_ENABLE_DEBUG_INFO = NO;
				MTL_FAST_MATH = YES;
				SDKROOT = iphoneos;
				SWIFT_COMPILATION_MODE = wholemodule;
				SWIFT_OPTIMIZATION_LEVEL = "-O";
				VALIDATE_PRODUCT = YES;
			};
			name = Release;
		};
		5A7FEF8624C3CA1D0056F49F /* Debug */ = {
			isa = XCBuildConfiguration;
			baseConfigurationReference = 574000D5C9E37D1824B9F899 /* Pods-OriginalTodoApp.debug.xcconfig */;
			buildSettings = {
				ASSETCATALOG_COMPILER_APPICON_NAME = AppIcon;
				CODE_SIGN_IDENTITY = "Apple Development";
				CODE_SIGN_STYLE = Automatic;
				DEVELOPMENT_TEAM = 777ZAR7F28;
				INFOPLIST_FILE = OriginalTodoApp/Info.plist;
				LD_RUNPATH_SEARCH_PATHS = (
					"$(inherited)",
					"@executable_path/Frameworks",
					"@executable_path/../Frameworks",
				);
				PRODUCT_BUNDLE_IDENTIFIER = com.fukaya.OriginalTodoApp;
				PRODUCT_NAME = "$(TARGET_NAME)";
				PROVISIONING_PROFILE_SPECIFIER = "";
				SWIFT_VERSION = 5.0;
				TARGETED_DEVICE_FAMILY = 1;
			};
			name = Debug;
		};
		5A7FEF8724C3CA1D0056F49F /* Release */ = {
			isa = XCBuildConfiguration;
			baseConfigurationReference = D31DD2906DEF17F1926C12B1 /* Pods-OriginalTodoApp.release.xcconfig */;
			buildSettings = {
				ASSETCATALOG_COMPILER_APPICON_NAME = AppIcon;
				CODE_SIGN_IDENTITY = "Apple Development";
				CODE_SIGN_STYLE = Automatic;
				DEVELOPMENT_TEAM = 777ZAR7F28;
				INFOPLIST_FILE = OriginalTodoApp/Info.plist;
				LD_RUNPATH_SEARCH_PATHS = (
					"$(inherited)",
					"@executable_path/Frameworks",
					"@executable_path/../Frameworks",
				);
				PRODUCT_BUNDLE_IDENTIFIER = com.fukaya.OriginalTodoApp;
				PRODUCT_NAME = "$(TARGET_NAME)";
				PROVISIONING_PROFILE_SPECIFIER = "";
				SWIFT_VERSION = 5.0;
				TARGETED_DEVICE_FAMILY = 1;
			};
			name = Release;
		};
/* End XCBuildConfiguration section */

/* Begin XCConfigurationList section */
		5A7FEF6C24C3CA190056F49F /* Build configuration list for PBXProject "OriginalTodoApp" */ = {
			isa = XCConfigurationList;
			buildConfigurations = (
				5A7FEF8324C3CA1D0056F49F /* Debug */,
				5A7FEF8424C3CA1D0056F49F /* Release */,
			);
			defaultConfigurationIsVisible = 0;
			defaultConfigurationName = Release;
		};
		5A7FEF8524C3CA1D0056F49F /* Build configuration list for PBXNativeTarget "OriginalTodoApp" */ = {
			isa = XCConfigurationList;
			buildConfigurations = (
				5A7FEF8624C3CA1D0056F49F /* Debug */,
				5A7FEF8724C3CA1D0056F49F /* Release */,
			);
			defaultConfigurationIsVisible = 0;
			defaultConfigurationName = Release;
		};
/* End XCConfigurationList section */
	};
	rootObject = 5A7FEF6924C3CA190056F49F /* Project object */;
}
